// !$*UTF8*$!
{
	archiveVersion = 1;
	classes = {
	};
	objectVersion = 46;
	objects = {

/* Begin PBXBuildFile section */
		3B16B68C1EDF18CD00895B69 /* MainIntroViewController.swift in Sources */ = {isa = PBXBuildFile; fileRef = 3B16B68B1EDF18CD00895B69 /* MainIntroViewController.swift */; };
		3B22A9E81ECDE3970062B985 /* EventManager.swift in Sources */ = {isa = PBXBuildFile; fileRef = 3B22A9E71ECDE3970062B985 /* EventManager.swift */; };
		3B22A9EE1ED0C9EC0062B985 /* CarpoolTableViewController.swift in Sources */ = {isa = PBXBuildFile; fileRef = 3B22A9ED1ED0C9EC0062B985 /* CarpoolTableViewController.swift */; };
		3B22A9F21ED0F8FB0062B985 /* NotificationManager.swift in Sources */ = {isa = PBXBuildFile; fileRef = 3B22A9F11ED0F8FB0062B985 /* NotificationManager.swift */; };
		3B281FB31EC0E4920058F13A /* AppDelegate.swift in Sources */ = {isa = PBXBuildFile; fileRef = 3B281FB21EC0E4920058F13A /* AppDelegate.swift */; };
		3B281FB81EC0E4920058F13A /* Main.storyboard in Resources */ = {isa = PBXBuildFile; fileRef = 3B281FB61EC0E4920058F13A /* Main.storyboard */; };
		3B281FBA1EC0E4920058F13A /* Assets.xcassets in Resources */ = {isa = PBXBuildFile; fileRef = 3B281FB91EC0E4920058F13A /* Assets.xcassets */; };
		3B281FBD1EC0E4920058F13A /* LaunchScreen.storyboard in Resources */ = {isa = PBXBuildFile; fileRef = 3B281FBB1EC0E4920058F13A /* LaunchScreen.storyboard */; };
		3B281FC71EC0E5040058F13A /* CloudKit.framework in Frameworks */ = {isa = PBXBuildFile; fileRef = 3B281FC61EC0E5040058F13A /* CloudKit.framework */; };
		3B281FCE1EC0E8EE0058F13A /* SearchableRecord.swift in Sources */ = {isa = PBXBuildFile; fileRef = 3B281FCD1EC0E8EE0058F13A /* SearchableRecord.swift */; };
		3B281FD01EC0E8F80058F13A /* CloudKitSync.swift in Sources */ = {isa = PBXBuildFile; fileRef = 3B281FCF1EC0E8F80058F13A /* CloudKitSync.swift */; };
		3B281FD41EC0E9BB0058F13A /* Child.swift in Sources */ = {isa = PBXBuildFile; fileRef = 3B281FD31EC0E9BB0058F13A /* Child.swift */; };
		3B281FD61EC0E9D20058F13A /* Carpool.swift in Sources */ = {isa = PBXBuildFile; fileRef = 3B281FD51EC0E9D20058F13A /* Carpool.swift */; };
		3B281FD81EC0E9E50058F13A /* Family.swift in Sources */ = {isa = PBXBuildFile; fileRef = 3B281FD71EC0E9E50058F13A /* Family.swift */; };
		3B281FDA1EC0E9F70058F13A /* Parent.swift in Sources */ = {isa = PBXBuildFile; fileRef = 3B281FD91EC0E9F70058F13A /* Parent.swift */; };
		3B281FE21EC1039B0058F13A /* CloudKitManager.swift in Sources */ = {isa = PBXBuildFile; fileRef = 3B281FE11EC1039B0058F13A /* CloudKitManager.swift */; };
		3B281FE61EC3709C0058F13A /* ChildController.swift in Sources */ = {isa = PBXBuildFile; fileRef = 3B281FE51EC3709C0058F13A /* ChildController.swift */; };
		3B281FE81EC370AD0058F13A /* ParentController.swift in Sources */ = {isa = PBXBuildFile; fileRef = 3B281FE71EC370AD0058F13A /* ParentController.swift */; };
		3B281FEA1EC370B90058F13A /* CarpoolController.swift in Sources */ = {isa = PBXBuildFile; fileRef = 3B281FE91EC370B90058F13A /* CarpoolController.swift */; };
		3B281FEE1EC3C1530058F13A /* MainViewTableViewController.swift in Sources */ = {isa = PBXBuildFile; fileRef = 3B281FED1EC3C1530058F13A /* MainViewTableViewController.swift */; };
		3B281FF11EC4F84B0058F13A /* KidListTableViewController.swift in Sources */ = {isa = PBXBuildFile; fileRef = 3B281FF01EC4F84B0058F13A /* KidListTableViewController.swift */; };
		3B281FF31EC4F85C0058F13A /* KidDetailViewController.swift in Sources */ = {isa = PBXBuildFile; fileRef = 3B281FF21EC4F85C0058F13A /* KidDetailViewController.swift */; };
		3B2E19211EDCBE7400689370 /* ChangeNameViewController.swift in Sources */ = {isa = PBXBuildFile; fileRef = 3B2E19201EDCBE7400689370 /* ChangeNameViewController.swift */; };
		3B4397361EE0BE12008347CB /* SecondMainIntroViewController.swift in Sources */ = {isa = PBXBuildFile; fileRef = 3B4397351EE0BE12008347CB /* SecondMainIntroViewController.swift */; };
		3B4397381EE0C3D6008347CB /* ThirdIntroViewController.swift in Sources */ = {isa = PBXBuildFile; fileRef = 3B4397371EE0C3D6008347CB /* ThirdIntroViewController.swift */; };
		3B43973A1EE1255F008347CB /* CarpoolTimesForKidTableViewController.swift in Sources */ = {isa = PBXBuildFile; fileRef = 3B4397391EE1255F008347CB /* CarpoolTimesForKidTableViewController.swift */; };
		3B67C0541EC54E6600EFCB12 /* CarpoolDetailTableViewController.swift in Sources */ = {isa = PBXBuildFile; fileRef = 3B67C0531EC54E6600EFCB12 /* CarpoolDetailTableViewController.swift */; };
		3B6E35DC1ED7EB6A008773DF /* CarpoolsForKidTableViewController.swift in Sources */ = {isa = PBXBuildFile; fileRef = 3B6E35DB1ED7EB6A008773DF /* CarpoolsForKidTableViewController.swift */; };
		3B6E35DE1EDA793E008773DF /* SettingsViewController.swift in Sources */ = {isa = PBXBuildFile; fileRef = 3B6E35DD1EDA793E008773DF /* SettingsViewController.swift */; };
		3B6E35E11EDBCCF2008773DF /* Theme.swift in Sources */ = {isa = PBXBuildFile; fileRef = 3B6E35E01EDBCCF2008773DF /* Theme.swift */; };
		3B6E35E31EDBCCFA008773DF /* Color.swift in Sources */ = {isa = PBXBuildFile; fileRef = 3B6E35E21EDBCCFA008773DF /* Color.swift */; };
		3B8AB5E21EC775CB001E03BF /* KidTableViewCell.swift in Sources */ = {isa = PBXBuildFile; fileRef = 3B8AB5E11EC775CB001E03BF /* KidTableViewCell.swift */; };
		3BA512B91ED6320600F503F6 /* AddKidToCarpoolTableViewController.swift in Sources */ = {isa = PBXBuildFile; fileRef = 3BA512B81ED6320600F503F6 /* AddKidToCarpoolTableViewController.swift */; };
		3BAC7B441ED744570084D328 /* LeaderedCarpoolsTableViewController.swift in Sources */ = {isa = PBXBuildFile; fileRef = 3BAC7B431ED744570084D328 /* LeaderedCarpoolsTableViewController.swift */; };
		3BAC7B461ED74A280084D328 /* KidsInCarpoolTableViewController.swift in Sources */ = {isa = PBXBuildFile; fileRef = 3BAC7B451ED74A280084D328 /* KidsInCarpoolTableViewController.swift */; };
		3BAC7B481ED768AE0084D328 /* JoinCarpoolViewController.swift in Sources */ = {isa = PBXBuildFile; fileRef = 3BAC7B471ED768AE0084D328 /* JoinCarpoolViewController.swift */; };
/* End PBXBuildFile section */

/* Begin PBXFileReference section */
		3B16B68B1EDF18CD00895B69 /* MainIntroViewController.swift */ = {isa = PBXFileReference; fileEncoding = 4; lastKnownFileType = sourcecode.swift; path = MainIntroViewController.swift; sourceTree = "<group>"; };
		3B22A9E71ECDE3970062B985 /* EventManager.swift */ = {isa = PBXFileReference; fileEncoding = 4; lastKnownFileType = sourcecode.swift; path = EventManager.swift; sourceTree = "<group>"; };
		3B22A9ED1ED0C9EC0062B985 /* CarpoolTableViewController.swift */ = {isa = PBXFileReference; fileEncoding = 4; lastKnownFileType = sourcecode.swift; path = CarpoolTableViewController.swift; sourceTree = "<group>"; };
		3B22A9F11ED0F8FB0062B985 /* NotificationManager.swift */ = {isa = PBXFileReference; fileEncoding = 4; lastKnownFileType = sourcecode.swift; path = NotificationManager.swift; sourceTree = "<group>"; };
		3B281FAF1EC0E4920058F13A /* CP.app */ = {isa = PBXFileReference; explicitFileType = wrapper.application; includeInIndex = 0; path = CP.app; sourceTree = BUILT_PRODUCTS_DIR; };
		3B281FB21EC0E4920058F13A /* AppDelegate.swift */ = {isa = PBXFileReference; lastKnownFileType = sourcecode.swift; path = AppDelegate.swift; sourceTree = "<group>"; };
		3B281FB71EC0E4920058F13A /* Base */ = {isa = PBXFileReference; lastKnownFileType = file.storyboard; name = Base; path = Base.lproj/Main.storyboard; sourceTree = "<group>"; };
		3B281FB91EC0E4920058F13A /* Assets.xcassets */ = {isa = PBXFileReference; lastKnownFileType = folder.assetcatalog; path = Assets.xcassets; sourceTree = "<group>"; };
		3B281FBC1EC0E4920058F13A /* Base */ = {isa = PBXFileReference; lastKnownFileType = file.storyboard; name = Base; path = Base.lproj/LaunchScreen.storyboard; sourceTree = "<group>"; };
		3B281FBE1EC0E4920058F13A /* Info.plist */ = {isa = PBXFileReference; lastKnownFileType = text.plist.xml; path = Info.plist; sourceTree = "<group>"; };
		3B281FC41EC0E5000058F13A /* CP.entitlements */ = {isa = PBXFileReference; lastKnownFileType = text.plist.entitlements; path = CP.entitlements; sourceTree = "<group>"; };
		3B281FC61EC0E5040058F13A /* CloudKit.framework */ = {isa = PBXFileReference; lastKnownFileType = wrapper.framework; name = CloudKit.framework; path = System/Library/Frameworks/CloudKit.framework; sourceTree = SDKROOT; };
		3B281FCD1EC0E8EE0058F13A /* SearchableRecord.swift */ = {isa = PBXFileReference; fileEncoding = 4; lastKnownFileType = sourcecode.swift; path = SearchableRecord.swift; sourceTree = "<group>"; };
		3B281FCF1EC0E8F80058F13A /* CloudKitSync.swift */ = {isa = PBXFileReference; fileEncoding = 4; lastKnownFileType = sourcecode.swift; path = CloudKitSync.swift; sourceTree = "<group>"; };
		3B281FD31EC0E9BB0058F13A /* Child.swift */ = {isa = PBXFileReference; fileEncoding = 4; lastKnownFileType = sourcecode.swift; path = Child.swift; sourceTree = "<group>"; };
		3B281FD51EC0E9D20058F13A /* Carpool.swift */ = {isa = PBXFileReference; fileEncoding = 4; lastKnownFileType = sourcecode.swift; path = Carpool.swift; sourceTree = "<group>"; };
		3B281FD71EC0E9E50058F13A /* Family.swift */ = {isa = PBXFileReference; fileEncoding = 4; lastKnownFileType = sourcecode.swift; path = Family.swift; sourceTree = "<group>"; };
		3B281FD91EC0E9F70058F13A /* Parent.swift */ = {isa = PBXFileReference; fileEncoding = 4; lastKnownFileType = sourcecode.swift; path = Parent.swift; sourceTree = "<group>"; };
		3B281FE11EC1039B0058F13A /* CloudKitManager.swift */ = {isa = PBXFileReference; fileEncoding = 4; lastKnownFileType = sourcecode.swift; path = CloudKitManager.swift; sourceTree = "<group>"; };
		3B281FE51EC3709C0058F13A /* ChildController.swift */ = {isa = PBXFileReference; fileEncoding = 4; lastKnownFileType = sourcecode.swift; path = ChildController.swift; sourceTree = "<group>"; };
		3B281FE71EC370AD0058F13A /* ParentController.swift */ = {isa = PBXFileReference; fileEncoding = 4; lastKnownFileType = sourcecode.swift; path = ParentController.swift; sourceTree = "<group>"; };
		3B281FE91EC370B90058F13A /* CarpoolController.swift */ = {isa = PBXFileReference; fileEncoding = 4; lastKnownFileType = sourcecode.swift; path = CarpoolController.swift; sourceTree = "<group>"; };
		3B281FED1EC3C1530058F13A /* MainViewTableViewController.swift */ = {isa = PBXFileReference; fileEncoding = 4; lastKnownFileType = sourcecode.swift; path = MainViewTableViewController.swift; sourceTree = "<group>"; };
		3B281FF01EC4F84B0058F13A /* KidListTableViewController.swift */ = {isa = PBXFileReference; fileEncoding = 4; lastKnownFileType = sourcecode.swift; path = KidListTableViewController.swift; sourceTree = "<group>"; };
		3B281FF21EC4F85C0058F13A /* KidDetailViewController.swift */ = {isa = PBXFileReference; fileEncoding = 4; lastKnownFileType = sourcecode.swift; path = KidDetailViewController.swift; sourceTree = "<group>"; };
		3B2E19201EDCBE7400689370 /* ChangeNameViewController.swift */ = {isa = PBXFileReference; fileEncoding = 4; lastKnownFileType = sourcecode.swift; path = ChangeNameViewController.swift; sourceTree = "<group>"; };
		3B4397351EE0BE12008347CB /* SecondMainIntroViewController.swift */ = {isa = PBXFileReference; fileEncoding = 4; lastKnownFileType = sourcecode.swift; path = SecondMainIntroViewController.swift; sourceTree = "<group>"; };
		3B4397371EE0C3D6008347CB /* ThirdIntroViewController.swift */ = {isa = PBXFileReference; fileEncoding = 4; lastKnownFileType = sourcecode.swift; path = ThirdIntroViewController.swift; sourceTree = "<group>"; };
		3B4397391EE1255F008347CB /* CarpoolTimesForKidTableViewController.swift */ = {isa = PBXFileReference; fileEncoding = 4; lastKnownFileType = sourcecode.swift; path = CarpoolTimesForKidTableViewController.swift; sourceTree = "<group>"; };
		3B67C0531EC54E6600EFCB12 /* CarpoolDetailTableViewController.swift */ = {isa = PBXFileReference; fileEncoding = 4; lastKnownFileType = sourcecode.swift; path = CarpoolDetailTableViewController.swift; sourceTree = "<group>"; };
		3B6E35DB1ED7EB6A008773DF /* CarpoolsForKidTableViewController.swift */ = {isa = PBXFileReference; fileEncoding = 4; lastKnownFileType = sourcecode.swift; path = CarpoolsForKidTableViewController.swift; sourceTree = "<group>"; };
		3B6E35DD1EDA793E008773DF /* SettingsViewController.swift */ = {isa = PBXFileReference; fileEncoding = 4; lastKnownFileType = sourcecode.swift; path = SettingsViewController.swift; sourceTree = "<group>"; };
		3B6E35E01EDBCCF2008773DF /* Theme.swift */ = {isa = PBXFileReference; fileEncoding = 4; lastKnownFileType = sourcecode.swift; path = Theme.swift; sourceTree = "<group>"; };
		3B6E35E21EDBCCFA008773DF /* Color.swift */ = {isa = PBXFileReference; fileEncoding = 4; lastKnownFileType = sourcecode.swift; path = Color.swift; sourceTree = "<group>"; };
		3B8AB5E11EC775CB001E03BF /* KidTableViewCell.swift */ = {isa = PBXFileReference; fileEncoding = 4; lastKnownFileType = sourcecode.swift; path = KidTableViewCell.swift; sourceTree = "<group>"; };
		3BA512B81ED6320600F503F6 /* AddKidToCarpoolTableViewController.swift */ = {isa = PBXFileReference; fileEncoding = 4; lastKnownFileType = sourcecode.swift; path = AddKidToCarpoolTableViewController.swift; sourceTree = "<group>"; };
		3BAC7B431ED744570084D328 /* LeaderedCarpoolsTableViewController.swift */ = {isa = PBXFileReference; fileEncoding = 4; lastKnownFileType = sourcecode.swift; path = LeaderedCarpoolsTableViewController.swift; sourceTree = "<group>"; };
		3BAC7B451ED74A280084D328 /* KidsInCarpoolTableViewController.swift */ = {isa = PBXFileReference; fileEncoding = 4; lastKnownFileType = sourcecode.swift; path = KidsInCarpoolTableViewController.swift; sourceTree = "<group>"; };
		3BAC7B471ED768AE0084D328 /* JoinCarpoolViewController.swift */ = {isa = PBXFileReference; fileEncoding = 4; lastKnownFileType = sourcecode.swift; path = JoinCarpoolViewController.swift; sourceTree = "<group>"; };
/* End PBXFileReference section */

/* Begin PBXFrameworksBuildPhase section */
		3B281FAC1EC0E4920058F13A /* Frameworks */ = {
			isa = PBXFrameworksBuildPhase;
			buildActionMask = 2147483647;
			files = (
				3B281FC71EC0E5040058F13A /* CloudKit.framework in Frameworks */,
			);
			runOnlyForDeploymentPostprocessing = 0;
		};
/* End PBXFrameworksBuildPhase section */

/* Begin PBXGroup section */
		3B16B6881EDF17CA00895B69 /* Kid View Controllers */ = {
			isa = PBXGroup;
			children = (
				3B6E35DB1ED7EB6A008773DF /* CarpoolsForKidTableViewController.swift */,
				3B8AB5E11EC775CB001E03BF /* KidTableViewCell.swift */,
				3B281FF01EC4F84B0058F13A /* KidListTableViewController.swift */,
				3B281FF21EC4F85C0058F13A /* KidDetailViewController.swift */,
				3B4397391EE1255F008347CB /* CarpoolTimesForKidTableViewController.swift */,
			);
			name = "Kid View Controllers";
			sourceTree = "<group>";
		};
		3B16B6891EDF17E700895B69 /* Carpool View Controllers */ = {
			isa = PBXGroup;
			children = (
				3B22A9ED1ED0C9EC0062B985 /* CarpoolTableViewController.swift */,
				3B67C0531EC54E6600EFCB12 /* CarpoolDetailTableViewController.swift */,
				3BAC7B451ED74A280084D328 /* KidsInCarpoolTableViewController.swift */,
				3BAC7B471ED768AE0084D328 /* JoinCarpoolViewController.swift */,
				3BA512B81ED6320600F503F6 /* AddKidToCarpoolTableViewController.swift */,
			);
			name = "Carpool View Controllers";
			sourceTree = "<group>";
		};
		3B16B68A1EDF180100895B69 /* Parent View Controllers */ = {
			isa = PBXGroup;
			children = (
				3B281FED1EC3C1530058F13A /* MainViewTableViewController.swift */,
				3BAC7B431ED744570084D328 /* LeaderedCarpoolsTableViewController.swift */,
				3B6E35DD1EDA793E008773DF /* SettingsViewController.swift */,
				3B2E19201EDCBE7400689370 /* ChangeNameViewController.swift */,
			);
			name = "Parent View Controllers";
			sourceTree = "<group>";
		};
		3B16B68D1EDF18D100895B69 /* Intro View Controllers */ = {
			isa = PBXGroup;
			children = (
				3B16B68B1EDF18CD00895B69 /* MainIntroViewController.swift */,
				3B4397351EE0BE12008347CB /* SecondMainIntroViewController.swift */,
				3B4397371EE0C3D6008347CB /* ThirdIntroViewController.swift */,
			);
			name = "Intro View Controllers";
			sourceTree = "<group>";
		};
		3B22A9E61ECDE37E0062B985 /* Event Kit and Notifications */ = {
			isa = PBXGroup;
			children = (
				3B22A9E71ECDE3970062B985 /* EventManager.swift */,
				3B22A9F11ED0F8FB0062B985 /* NotificationManager.swift */,
			);
			name = "Event Kit and Notifications";
			sourceTree = "<group>";
		};
		3B281FA61EC0E4920058F13A = {
			isa = PBXGroup;
			children = (
				3B281FB11EC0E4920058F13A /* CP */,
				3B281FB01EC0E4920058F13A /* Products */,
				3B281FC51EC0E5040058F13A /* Frameworks */,
			);
			sourceTree = "<group>";
		};
		3B281FB01EC0E4920058F13A /* Products */ = {
			isa = PBXGroup;
			children = (
				3B281FAF1EC0E4920058F13A /* CP.app */,
			);
			name = Products;
			sourceTree = "<group>";
		};
		3B281FB11EC0E4920058F13A /* CP */ = {
			isa = PBXGroup;
			children = (
				3B281FD11EC0E97A0058F13A /* Model */,
				3B281FDB1EC0EA7D0058F13A /* Model Controllers */,
				3B281FDE1EC0FAAB0058F13A /* View Controllers */,
				3B281FC81EC0E86C0058F13A /* Cloud Kit */,
				3B22A9E61ECDE37E0062B985 /* Event Kit and Notifications */,
				3B281FD21EC0E9890058F13A /* Resources */,
			);
			path = CP;
			sourceTree = "<group>";
		};
		3B281FC51EC0E5040058F13A /* Frameworks */ = {
			isa = PBXGroup;
			children = (
				3B281FC61EC0E5040058F13A /* CloudKit.framework */,
			);
			name = Frameworks;
			sourceTree = "<group>";
		};
		3B281FC81EC0E86C0058F13A /* Cloud Kit */ = {
			isa = PBXGroup;
			children = (
				3B281FCD1EC0E8EE0058F13A /* SearchableRecord.swift */,
				3B281FCF1EC0E8F80058F13A /* CloudKitSync.swift */,
				3B281FE11EC1039B0058F13A /* CloudKitManager.swift */,
			);
			name = "Cloud Kit";
			path = ..;
			sourceTree = "<group>";
		};
		3B281FD11EC0E97A0058F13A /* Model */ = {
			isa = PBXGroup;
			children = (
				3B281FD91EC0E9F70058F13A /* Parent.swift */,
				3B281FD31EC0E9BB0058F13A /* Child.swift */,
				3B281FD51EC0E9D20058F13A /* Carpool.swift */,
				3B281FD71EC0E9E50058F13A /* Family.swift */,
			);
			name = Model;
			path = ..;
			sourceTree = "<group>";
		};
		3B281FD21EC0E9890058F13A /* Resources */ = {
			isa = PBXGroup;
			children = (
				3B281FEF1EC3C31B0058F13A /* Appearance */,
				3B281FDF1EC0FAD00058F13A /* Storyboards */,
				3B281FC41EC0E5000058F13A /* CP.entitlements */,
				3B281FB21EC0E4920058F13A /* AppDelegate.swift */,
				3B281FB91EC0E4920058F13A /* Assets.xcassets */,
				3B281FBE1EC0E4920058F13A /* Info.plist */,
			);
			name = Resources;
			sourceTree = "<group>";
		};
		3B281FDB1EC0EA7D0058F13A /* Model Controllers */ = {
			isa = PBXGroup;
			children = (
				3B281FE51EC3709C0058F13A /* ChildController.swift */,
				3B281FE71EC370AD0058F13A /* ParentController.swift */,
				3B281FE91EC370B90058F13A /* CarpoolController.swift */,
			);
			name = "Model Controllers";
			sourceTree = "<group>";
		};
		3B281FDE1EC0FAAB0058F13A /* View Controllers */ = {
			isa = PBXGroup;
			children = (
				3B16B68A1EDF180100895B69 /* Parent View Controllers */,
				3B16B6881EDF17CA00895B69 /* Kid View Controllers */,
				3B16B6891EDF17E700895B69 /* Carpool View Controllers */,
				3B16B68D1EDF18D100895B69 /* Intro View Controllers */,
			);
			name = "View Controllers";
			sourceTree = "<group>";
		};
		3B281FDF1EC0FAD00058F13A /* Storyboards */ = {
			isa = PBXGroup;
			children = (
				3B281FB61EC0E4920058F13A /* Main.storyboard */,
				3B281FBB1EC0E4920058F13A /* LaunchScreen.storyboard */,
			);
			name = Storyboards;
			sourceTree = "<group>";
		};
		3B281FEF1EC3C31B0058F13A /* Appearance */ = {
			isa = PBXGroup;
			children = (
				3B6E35E01EDBCCF2008773DF /* Theme.swift */,
				3B6E35E21EDBCCFA008773DF /* Color.swift */,
			);
			name = Appearance;
			sourceTree = "<group>";
		};
/* End PBXGroup section */

/* Begin PBXNativeTarget section */
		3B281FAE1EC0E4920058F13A /* CP */ = {
			isa = PBXNativeTarget;
			buildConfigurationList = 3B281FC11EC0E4920058F13A /* Build configuration list for PBXNativeTarget "CP" */;
			buildPhases = (
				3B281FAB1EC0E4920058F13A /* Sources */,
				3B281FAC1EC0E4920058F13A /* Frameworks */,
				3B281FAD1EC0E4920058F13A /* Resources */,
			);
			buildRules = (
			);
			dependencies = (
			);
			name = CP;
			productName = CP;
			productReference = 3B281FAF1EC0E4920058F13A /* CP.app */;
			productType = "com.apple.product-type.application";
		};
/* End PBXNativeTarget section */

/* Begin PBXProject section */
		3B281FA71EC0E4920058F13A /* Project object */ = {
			isa = PBXProject;
			attributes = {
				LastSwiftUpdateCheck = 0830;
				LastUpgradeCheck = 0830;
				ORGANIZATIONNAME = "Gavin Olsen";
				TargetAttributes = {
					3B281FAE1EC0E4920058F13A = {
						CreatedOnToolsVersion = 8.3.2;
						DevelopmentTeam = UT3UPN4SEL;
						ProvisioningStyle = Automatic;
						SystemCapabilities = {
							com.apple.Push = {
								enabled = 1;
							};
							com.apple.iCloud = {
								enabled = 1;
							};
						};
					};
				};
			};
			buildConfigurationList = 3B281FAA1EC0E4920058F13A /* Build configuration list for PBXProject "CP" */;
			compatibilityVersion = "Xcode 3.2";
			developmentRegion = English;
			hasScannedForEncodings = 0;
			knownRegions = (
				en,
				Base,
			);
			mainGroup = 3B281FA61EC0E4920058F13A;
			productRefGroup = 3B281FB01EC0E4920058F13A /* Products */;
			projectDirPath = "";
			projectRoot = "";
			targets = (
				3B281FAE1EC0E4920058F13A /* CP */,
			);
		};
/* End PBXProject section */

/* Begin PBXResourcesBuildPhase section */
		3B281FAD1EC0E4920058F13A /* Resources */ = {
			isa = PBXResourcesBuildPhase;
			buildActionMask = 2147483647;
			files = (
				3B281FBD1EC0E4920058F13A /* LaunchScreen.storyboard in Resources */,
				3B281FBA1EC0E4920058F13A /* Assets.xcassets in Resources */,
				3B281FB81EC0E4920058F13A /* Main.storyboard in Resources */,
			);
			runOnlyForDeploymentPostprocessing = 0;
		};
/* End PBXResourcesBuildPhase section */

/* Begin PBXSourcesBuildPhase section */
		3B281FAB1EC0E4920058F13A /* Sources */ = {
			isa = PBXSourcesBuildPhase;
			buildActionMask = 2147483647;
			files = (
				3B281FF11EC4F84B0058F13A /* KidListTableViewController.swift in Sources */,
				3B281FCE1EC0E8EE0058F13A /* SearchableRecord.swift in Sources */,
				3BAC7B481ED768AE0084D328 /* JoinCarpoolViewController.swift in Sources */,
				3B281FF31EC4F85C0058F13A /* KidDetailViewController.swift in Sources */,
				3B281FE61EC3709C0058F13A /* ChildController.swift in Sources */,
				3BAC7B441ED744570084D328 /* LeaderedCarpoolsTableViewController.swift in Sources */,
				3B281FD61EC0E9D20058F13A /* Carpool.swift in Sources */,
				3B281FE81EC370AD0058F13A /* ParentController.swift in Sources */,
				3B6E35DE1EDA793E008773DF /* SettingsViewController.swift in Sources */,
				3B22A9E81ECDE3970062B985 /* EventManager.swift in Sources */,
				3B281FE21EC1039B0058F13A /* CloudKitManager.swift in Sources */,
				3B281FEA1EC370B90058F13A /* CarpoolController.swift in Sources */,
				3B6E35DC1ED7EB6A008773DF /* CarpoolsForKidTableViewController.swift in Sources */,
				3B8AB5E21EC775CB001E03BF /* KidTableViewCell.swift in Sources */,
				3B67C0541EC54E6600EFCB12 /* CarpoolDetailTableViewController.swift in Sources */,
				3B281FB31EC0E4920058F13A /* AppDelegate.swift in Sources */,
				3B281FDA1EC0E9F70058F13A /* Parent.swift in Sources */,
				3B6E35E31EDBCCFA008773DF /* Color.swift in Sources */,
				3B6E35E11EDBCCF2008773DF /* Theme.swift in Sources */,
				3B281FD81EC0E9E50058F13A /* Family.swift in Sources */,
				3BA512B91ED6320600F503F6 /* AddKidToCarpoolTableViewController.swift in Sources */,
				3BAC7B461ED74A280084D328 /* KidsInCarpoolTableViewController.swift in Sources */,
				3B281FEE1EC3C1530058F13A /* MainViewTableViewController.swift in Sources */,
				3B4397381EE0C3D6008347CB /* ThirdIntroViewController.swift in Sources */,
				3B22A9F21ED0F8FB0062B985 /* NotificationManager.swift in Sources */,
				3B281FD41EC0E9BB0058F13A /* Child.swift in Sources */,
				3B4397361EE0BE12008347CB /* SecondMainIntroViewController.swift in Sources */,
				3B22A9EE1ED0C9EC0062B985 /* CarpoolTableViewController.swift in Sources */,
				3B16B68C1EDF18CD00895B69 /* MainIntroViewController.swift in Sources */,
				3B281FD01EC0E8F80058F13A /* CloudKitSync.swift in Sources */,
				3B43973A1EE1255F008347CB /* CarpoolTimesForKidTableViewController.swift in Sources */,
				3B2E19211EDCBE7400689370 /* ChangeNameViewController.swift in Sources */,
			);
			runOnlyForDeploymentPostprocessing = 0;
		};
/* End PBXSourcesBuildPhase section */

/* Begin PBXVariantGroup section */
		3B281FB61EC0E4920058F13A /* Main.storyboard */ = {
			isa = PBXVariantGroup;
			children = (
				3B281FB71EC0E4920058F13A /* Base */,
			);
			name = Main.storyboard;
			sourceTree = "<group>";
		};
		3B281FBB1EC0E4920058F13A /* LaunchScreen.storyboard */ = {
			isa = PBXVariantGroup;
			children = (
				3B281FBC1EC0E4920058F13A /* Base */,
			);
			name = LaunchScreen.storyboard;
			sourceTree = "<group>";
		};
/* End PBXVariantGroup section */

/* Begin XCBuildConfiguration section */
		3B281FBF1EC0E4920058F13A /* Debug */ = {
			isa = XCBuildConfiguration;
			buildSettings = {
				ALWAYS_SEARCH_USER_PATHS = NO;
				CLANG_ANALYZER_NONNULL = YES;
				CLANG_ANALYZER_NUMBER_OBJECT_CONVERSION = YES_AGGRESSIVE;
				CLANG_CXX_LANGUAGE_STANDARD = "gnu++0x";
				CLANG_CXX_LIBRARY = "libc++";
				CLANG_ENABLE_MODULES = YES;
				CLANG_ENABLE_OBJC_ARC = YES;
				CLANG_WARN_BOOL_CONVERSION = YES;
				CLANG_WARN_CONSTANT_CONVERSION = YES;
				CLANG_WARN_DIRECT_OBJC_ISA_USAGE = YES_ERROR;
				CLANG_WARN_DOCUMENTATION_COMMENTS = YES;
				CLANG_WARN_EMPTY_BODY = YES;
				CLANG_WARN_ENUM_CONVERSION = YES;
				CLANG_WARN_INFINITE_RECURSION = YES;
				CLANG_WARN_INT_CONVERSION = YES;
				CLANG_WARN_OBJC_ROOT_CLASS = YES_ERROR;
				CLANG_WARN_SUSPICIOUS_MOVE = YES;
				CLANG_WARN_UNREACHABLE_CODE = YES;
				CLANG_WARN__DUPLICATE_METHOD_MATCH = YES;
				"CODE_SIGN_IDENTITY[sdk=iphoneos*]" = "iPhone Developer";
				COPY_PHASE_STRIP = NO;
				DEBUG_INFORMATION_FORMAT = dwarf;
				ENABLE_STRICT_OBJC_MSGSEND = YES;
				ENABLE_TESTABILITY = YES;
				GCC_C_LANGUAGE_STANDARD = gnu99;
				GCC_DYNAMIC_NO_PIC = NO;
				GCC_NO_COMMON_BLOCKS = YES;
				GCC_OPTIMIZATION_LEVEL = 0;
				GCC_PREPROCESSOR_DEFINITIONS = (
					"DEBUG=1",
					"$(inherited)",
				);
				GCC_WARN_64_TO_32_BIT_CONVERSION = YES;
				GCC_WARN_ABOUT_RETURN_TYPE = YES_ERROR;
				GCC_WARN_UNDECLARED_SELECTOR = YES;
				GCC_WARN_UNINITIALIZED_AUTOS = YES_AGGRESSIVE;
				GCC_WARN_UNUSED_FUNCTION = YES;
				GCC_WARN_UNUSED_VARIABLE = YES;
				IPHONEOS_DEPLOYMENT_TARGET = 10.3;
				MTL_ENABLE_DEBUG_INFO = YES;
				ONLY_ACTIVE_ARCH = YES;
				SDKROOT = iphoneos;
				SWIFT_ACTIVE_COMPILATION_CONDITIONS = DEBUG;
				SWIFT_OPTIMIZATION_LEVEL = "-Onone";
				TARGETED_DEVICE_FAMILY = "1,2";
			};
			name = Debug;
		};
		3B281FC01EC0E4920058F13A /* Release */ = {
			isa = XCBuildConfiguration;
			buildSettings = {
				ALWAYS_SEARCH_USER_PATHS = NO;
				CLANG_ANALYZER_NONNULL = YES;
				CLANG_ANALYZER_NUMBER_OBJECT_CONVERSION = YES_AGGRESSIVE;
				CLANG_CXX_LANGUAGE_STANDARD = "gnu++0x";
				CLANG_CXX_LIBRARY = "libc++";
				CLANG_ENABLE_MODULES = YES;
				CLANG_ENABLE_OBJC_ARC = YES;
				CLANG_WARN_BOOL_CONVERSION = YES;
				CLANG_WARN_CONSTANT_CONVERSION = YES;
				CLANG_WARN_DIRECT_OBJC_ISA_USAGE = YES_ERROR;
				CLANG_WARN_DOCUMENTATION_COMMENTS = YES;
				CLANG_WARN_EMPTY_BODY = YES;
				CLANG_WARN_ENUM_CONVERSION = YES;
				CLANG_WARN_INFINITE_RECURSION = YES;
				CLANG_WARN_INT_CONVERSION = YES;
				CLANG_WARN_OBJC_ROOT_CLASS = YES_ERROR;
				CLANG_WARN_SUSPICIOUS_MOVE = YES;
				CLANG_WARN_UNREACHABLE_CODE = YES;
				CLANG_WARN__DUPLICATE_METHOD_MATCH = YES;
				"CODE_SIGN_IDENTITY[sdk=iphoneos*]" = "iPhone Developer";
				COPY_PHASE_STRIP = NO;
				DEBUG_INFORMATION_FORMAT = "dwarf-with-dsym";
				ENABLE_NS_ASSERTIONS = NO;
				ENABLE_STRICT_OBJC_MSGSEND = YES;
				GCC_C_LANGUAGE_STANDARD = gnu99;
				GCC_NO_COMMON_BLOCKS = YES;
				GCC_WARN_64_TO_32_BIT_CONVERSION = YES;
				GCC_WARN_ABOUT_RETURN_TYPE = YES_ERROR;
				GCC_WARN_UNDECLARED_SELECTOR = YES;
				GCC_WARN_UNINITIALIZED_AUTOS = YES_AGGRESSIVE;
				GCC_WARN_UNUSED_FUNCTION = YES;
				GCC_WARN_UNUSED_VARIABLE = YES;
				IPHONEOS_DEPLOYMENT_TARGET = 10.3;
				MTL_ENABLE_DEBUG_INFO = NO;
				SDKROOT = iphoneos;
				SWIFT_OPTIMIZATION_LEVEL = "-Owholemodule";
				TARGETED_DEVICE_FAMILY = "1,2";
				VALIDATE_PRODUCT = YES;
			};
			name = Release;
		};
		3B281FC21EC0E4920058F13A /* Debug */ = {
			isa = XCBuildConfiguration;
			buildSettings = {
				ASSETCATALOG_COMPILER_APPICON_NAME = AppIcon;
				CODE_SIGN_ENTITLEMENTS = CP/CP.entitlements;
				DEVELOPMENT_TEAM = UT3UPN4SEL;
				INFOPLIST_FILE = CP/Info.plist;
				LD_RUNPATH_SEARCH_PATHS = "$(inherited) @executable_path/Frameworks";
				PRODUCT_BUNDLE_IDENTIFIER = com.testGO.CP;
				PRODUCT_NAME = "$(TARGET_NAME)";
				SWIFT_VERSION = 3.0;
			};
			name = Debug;
		};
		3B281FC31EC0E4920058F13A /* Release */ = {
			isa = XCBuildConfiguration;
			buildSettings = {
				ASSETCATALOG_COMPILER_APPICON_NAME = AppIcon;
				CODE_SIGN_ENTITLEMENTS = CP/CP.entitlements;
				DEVELOPMENT_TEAM = UT3UPN4SEL;
				INFOPLIST_FILE = CP/Info.plist;
				LD_RUNPATH_SEARCH_PATHS = "$(inherited) @executable_path/Frameworks";
				PRODUCT_BUNDLE_IDENTIFIER = com.testGO.CP;
				PRODUCT_NAME = "$(TARGET_NAME)";
				SWIFT_VERSION = 3.0;
			};
			name = Release;
		};
/* End XCBuildConfiguration section */

/* Begin XCConfigurationList section */
		3B281FAA1EC0E4920058F13A /* Build configuration list for PBXProject "CP" */ = {
			isa = XCConfigurationList;
			buildConfigurations = (
				3B281FBF1EC0E4920058F13A /* Debug */,
				3B281FC01EC0E4920058F13A /* Release */,
			);
			defaultConfigurationIsVisible = 0;
			defaultConfigurationName = Release;
		};
		3B281FC11EC0E4920058F13A /* Build configuration list for PBXNativeTarget "CP" */ = {
			isa = XCConfigurationList;
			buildConfigurations = (
				3B281FC21EC0E4920058F13A /* Debug */,
				3B281FC31EC0E4920058F13A /* Release */,
			);
			defaultConfigurationIsVisible = 0;
			defaultConfigurationName = Release;
		};
/* End XCConfigurationList section */
	};
	rootObject = 3B281FA71EC0E4920058F13A /* Project object */;
}
